Microsoft Visual Studio Solution File, Format Version 12.00
Project("{FAE04EC0-301F-11D3-BF4B-00C04F79EFBC}") = "DAL", "DAL\DAL.csproj", "{BDDF6C8C-41EE-456C-AC06-CB23025BB917}"
EndProject
Project("{FAE04EC0-301F-11D3-BF4B-00C04F79EFBC}") = "BLL", "BLL\BLL.csproj", "{B8D056C3-F104-46A9-B3FB-3E3BF0E48A7B}"
EndProject
Project("{FAE04EC0-301F-11D3-BF4B-00C04F79EFBC}") = "Presentation", "Presentation\Presentation.csproj", "{3267DDE3-F25D-42A1-AE0D-80BF5BCAE90F}"
EndProject
Global
	GlobalSection(SolutionConfigurationPlatforms) = preSolution
		Debug|Any CPU = Debug|Any CPU
		Release|Any CPU = Release|Any CPU
	EndGlobalSection
	GlobalSection(ProjectConfigurationPlatforms) = postSolution
		{BDDF6C8C-41EE-456C-AC06-CB23025BB917}.Debug|Any CPU.ActiveCfg = Debug|Any CPU
		{BDDF6C8C-41EE-456C-AC06-CB23025BB917}.Debug|Any CPU.Build.0 = Debug|Any CPU
		{BDDF6C8C-41EE-456C-AC06-CB23025BB917}.Release|Any CPU.ActiveCfg = Release|Any CPU
		{BDDF6C8C-41EE-456C-AC06-CB23025BB917}.Release|Any CPU.Build.0 = Release|Any CPU
		{B8D056C3-F104-46A9-B3FB-3E3BF0E48A7B}.Debug|Any CPU.ActiveCfg = Debug|Any CPU
		{B8D056C3-F104-46A9-B3FB-3E3BF0E48A7B}.Debug|Any CPU.Build.0 = Debug|Any CPU
		{B8D056C3-F104-46A9-B3FB-3E3BF0E48A7B}.Release|Any CPU.ActiveCfg = Release|Any CPU
		{B8D056C3-F104-46A9-B3FB-3E3BF0E48A7B}.Release|Any CPU.Build.0 = Release|Any CPU
		{3267DDE3-F25D-42A1-AE0D-80BF5BCAE90F}.Debug|Any CPU.ActiveCfg = Debug|Any CPU
		{3267DDE3-F25D-42A1-AE0D-80BF5BCAE90F}.Debug|Any CPU.Build.0 = Debug|Any CPU
		{3267DDE3-F25D-42A1-AE0D-80BF5BCAE90F}.Release|Any CPU.ActiveCfg = Release|Any CPU
		{3267DDE3-F25D-42A1-AE0D-80BF5BCAE90F}.Release|Any CPU.Build.0 = Release|Any CPU
	EndGlobalSection
EndGlobal
